
Microsoft Visual Studio Solution File, Format Version 12.00
# Visual Studio 2012
Project("{FAE04EC0-301F-11D3-BF4B-00C04F79EFBC}") = "PublicKeyEncryption", "PublicKeyEncryption\PublicKeyEncryption.csproj", "{82DCF65A-95B7-42DF-BC8A-9D18BFF9D248}"
EndProject
Global
	GlobalSection(SolutionConfigurationPlatforms) = preSolution
		Debug|Any CPU = Debug|Any CPU
		Release|Any CPU = Release|Any CPU
	EndGlobalSection
	GlobalSection(ProjectConfigurationPlatforms) = postSolution
		{82DCF65A-95B7-42DF-BC8A-9D18BFF9D248}.Debug|Any CPU.ActiveCfg = Debug|Any CPU
		{82DCF65A-95B7-42DF-BC8A-9D18BFF9D248}.Debug|Any CPU.Build.0 = Debug|Any CPU
		{82DCF65A-95B7-42DF-BC8A-9D18BFF9D248}.Release|Any CPU.ActiveCfg = Release|Any CPU
		{82DCF65A-95B7-42DF-BC8A-9D18BFF9D248}.Release|Any CPU.Build.0 = Release|Any CPU
	EndGlobalSection
	GlobalSection(SolutionProperties) = preSolution
		HideSolutionNode = FALSE
	EndGlobalSection
EndGlobal
